{
  "requires": true,
  "lockfileVersion": 1,
  "dependencies": {
    "intl-tel-input": {
      "version": "12.4.0",
      "resolved": "https://registry.npmjs.org/intl-tel-input/-/intl-tel-input-12.4.0.tgz",
      "integrity": "sha512-tVXt9QcczIp9Y6yWxDf6p8+4YfmU1NGSbNU3kxY4EPY+QV++j4DlC1gZ/wkNIi8oTpyJUWZKqzynCF9Y135weQ=="
    },
    "izitoast": {
      "version": "1.4.0",
      "resolved": "https://registry.npmjs.org/izitoast/-/izitoast-1.4.0.tgz",
      "integrity": "sha512-Oc1X2wiQtPp39i5VpIjf3GJf5sfCtHKXZ5szx7RareyEeFLUlcEW0FSfBni28+Ul6KNKZRKzhVuWzSP4Xngh0w=="
    },
    "jquery": {
      "version": "3.3.1",
      "resolved": "https://registry.npmjs.org/jquery/-/jquery-3.3.1.tgz",
      "integrity": "sha512-Ubldcmxp5np52/ENotGxlLe6aGMvmF4R8S6tZjsP6Knsaxd/xp3Zrh50cG93lR6nPXyUFwzN3ZSOQI0wRJNdGg=="
    },
    "ng2-tel-input": {
      "version": "1.0.16",
      "resolved": "https://registry.npmjs.org/ng2-tel-input/-/ng2-tel-input-1.0.16.tgz",
      "integrity": "sha512-jhROqOXgwoZm9d/ga3ygZWGBLl1B3WnZHd9FGWkPvCwIFMKgEi84spcjhHWQJWujytFXmUcvEBLgN9ppNZGigQ==",
      "requires": {
        "intl-tel-input": "12.4.0",
        "jquery": "3.3.1"
      }
    }
  }
}
